
Microsoft Visual Studio Solution File, Format Version 12.00
# Visual Studio Version 17
VisualStudioVersion = 17.5.002.0
MinimumVisualStudioVersion = 10.0.40219.1
Project("{9A19103F-16F7-4668-BE54-9A1E7A4F7556}") = "all_spice_csharp", "server\all_spice_csharp.csproj", "{684992D7-9CCE-41F8-B8E6-A46A4C3926E1}"
EndProject
Global
	GlobalSection(SolutionConfigurationPlatforms) = preSolution
		Debug|Any CPU = Debug|Any CPU
		Release|Any CPU = Release|Any CPU
	EndGlobalSection
	GlobalSection(ProjectConfigurationPlatforms) = postSolution
		{684992D7-9CCE-41F8-B8E6-A46A4C3926E1}.Debug|Any CPU.ActiveCfg = Debug|Any CPU
		{684992D7-9CCE-41F8-B8E6-A46A4C3926E1}.Debug|Any CPU.Build.0 = Debug|Any CPU
		{684992D7-9CCE-41F8-B8E6-A46A4C3926E1}.Release|Any CPU.ActiveCfg = Release|Any CPU
		{684992D7-9CCE-41F8-B8E6-A46A4C3926E1}.Release|Any CPU.Build.0 = Release|Any CPU
	EndGlobalSection
	GlobalSection(SolutionProperties) = preSolution
		HideSolutionNode = FALSE
	EndGlobalSection
	GlobalSection(ExtensibilityGlobals) = postSolution
		SolutionGuid = {E8A8A07A-5633-4EE1-AC0B-6443D1BAD753}
	EndGlobalSection
EndGlobal
